
Microsoft Visual Studio Solution File, Format Version 12.00
# Visual Studio Version 17
VisualStudioVersion = 17.10.35122.118
MinimumVisualStudioVersion = 10.0.40219.1
Project("{2150E333-8FDC-42A3-9474-1A3956D46DE8}") = "src", "src", "{7C557156-6704-4BBE-B02C-1F6F628CF049}"
EndProject
Project("{2150E333-8FDC-42A3-9474-1A3956D46DE8}") = "tests", "tests", "{5D96E793-D828-472C-8062-44D0F7677279}"
EndProject
Project("{FAE04EC0-301F-11D3-BF4B-00C04F79EFBC}") = "CashFlow.Api", "src\CashFlow.Api\CashFlow.Api.csproj", "{088C996E-F2D7-417C-93D5-899F28CF67E2}"
EndProject
Project("{FAE04EC0-301F-11D3-BF4B-00C04F79EFBC}") = "CashFlow.Domain", "src\CashFlow.Domain\CashFlow.Domain.csproj", "{61F3C891-5695-4D2C-88AB-1AB02E2E2C0D}"
EndProject
Project("{FAE04EC0-301F-11D3-BF4B-00C04F79EFBC}") = "CashFlow.Application", "src\CashFlow.Application\CashFlow.Application.csproj", "{BDB2A73B-39BF-4BC4-AD98-289FE80F0887}"
EndProject
Project("{FAE04EC0-301F-11D3-BF4B-00C04F79EFBC}") = "CashFlow.Exception", "src\CashFlow.Exception\CashFlow.Exception.csproj", "{2C44CADD-8530-4078-84AB-99A2F8BC6550}"
EndProject
Project("{FAE04EC0-301F-11D3-BF4B-00C04F79EFBC}") = "CashFlow.Infrastructure", "src\CashFlow.Infrastructure\CashFlow.Infrastructure.csproj", "{68828511-7C75-4AC4-AD91-B5F27FB417E3}"
EndProject
Project("{FAE04EC0-301F-11D3-BF4B-00C04F79EFBC}") = "CashFlow.Communication", "src\CashFlow.Communication\CashFlow.Communication.csproj", "{4FEE28C5-BC80-4452-AD04-2ADF75F4FBB3}"
EndProject
Global
	GlobalSection(SolutionConfigurationPlatforms) = preSolution
		Debug|Any CPU = Debug|Any CPU
		Release|Any CPU = Release|Any CPU
	EndGlobalSection
	GlobalSection(ProjectConfigurationPlatforms) = postSolution
		{088C996E-F2D7-417C-93D5-899F28CF67E2}.Debug|Any CPU.ActiveCfg = Debug|Any CPU
		{088C996E-F2D7-417C-93D5-899F28CF67E2}.Debug|Any CPU.Build.0 = Debug|Any CPU
		{088C996E-F2D7-417C-93D5-899F28CF67E2}.Release|Any CPU.ActiveCfg = Release|Any CPU
		{088C996E-F2D7-417C-93D5-899F28CF67E2}.Release|Any CPU.Build.0 = Release|Any CPU
		{61F3C891-5695-4D2C-88AB-1AB02E2E2C0D}.Debug|Any CPU.ActiveCfg = Debug|Any CPU
		{61F3C891-5695-4D2C-88AB-1AB02E2E2C0D}.Debug|Any CPU.Build.0 = Debug|Any CPU
		{61F3C891-5695-4D2C-88AB-1AB02E2E2C0D}.Release|Any CPU.ActiveCfg = Release|Any CPU
		{61F3C891-5695-4D2C-88AB-1AB02E2E2C0D}.Release|Any CPU.Build.0 = Release|Any CPU
		{BDB2A73B-39BF-4BC4-AD98-289FE80F0887}.Debug|Any CPU.ActiveCfg = Debug|Any CPU
		{BDB2A73B-39BF-4BC4-AD98-289FE80F0887}.Debug|Any CPU.Build.0 = Debug|Any CPU
		{BDB2A73B-39BF-4BC4-AD98-289FE80F0887}.Release|Any CPU.ActiveCfg = Release|Any CPU
		{BDB2A73B-39BF-4BC4-AD98-289FE80F0887}.Release|Any CPU.Build.0 = Release|Any CPU
		{2C44CADD-8530-4078-84AB-99A2F8BC6550}.Debug|Any CPU.ActiveCfg = Debug|Any CPU
		{2C44CADD-8530-4078-84AB-99A2F8BC6550}.Debug|Any CPU.Build.0 = Debug|Any CPU
		{2C44CADD-8530-4078-84AB-99A2F8BC6550}.Release|Any CPU.ActiveCfg = Release|Any CPU
		{2C44CADD-8530-4078-84AB-99A2F8BC6550}.Release|Any CPU.Build.0 = Release|Any CPU
		{68828511-7C75-4AC4-AD91-B5F27FB417E3}.Debug|Any CPU.ActiveCfg = Debug|Any CPU
		{68828511-7C75-4AC4-AD91-B5F27FB417E3}.Debug|Any CPU.Build.0 = Debug|Any CPU
		{68828511-7C75-4AC4-AD91-B5F27FB417E3}.Release|Any CPU.ActiveCfg = Release|Any CPU
		{68828511-7C75-4AC4-AD91-B5F27FB417E3}.Release|Any CPU.Build.0 = Release|Any CPU
		{4FEE28C5-BC80-4452-AD04-2ADF75F4FBB3}.Debug|Any CPU.ActiveCfg = Debug|Any CPU
		{4FEE28C5-BC80-4452-AD04-2ADF75F4FBB3}.Debug|Any CPU.Build.0 = Debug|Any CPU
		{4FEE28C5-BC80-4452-AD04-2ADF75F4FBB3}.Release|Any CPU.ActiveCfg = Release|Any CPU
		{4FEE28C5-BC80-4452-AD04-2ADF75F4FBB3}.Release|Any CPU.Build.0 = Release|Any CPU
	EndGlobalSection
	GlobalSection(SolutionProperties) = preSolution
		HideSolutionNode = FALSE
	EndGlobalSection
	GlobalSection(NestedProjects) = preSolution
		{088C996E-F2D7-417C-93D5-899F28CF67E2} = {7C557156-6704-4BBE-B02C-1F6F628CF049}
		{61F3C891-5695-4D2C-88AB-1AB02E2E2C0D} = {7C557156-6704-4BBE-B02C-1F6F628CF049}
		{BDB2A73B-39BF-4BC4-AD98-289FE80F0887} = {7C557156-6704-4BBE-B02C-1F6F628CF049}
		{2C44CADD-8530-4078-84AB-99A2F8BC6550} = {7C557156-6704-4BBE-B02C-1F6F628CF049}
		{68828511-7C75-4AC4-AD91-B5F27FB417E3} = {7C557156-6704-4BBE-B02C-1F6F628CF049}
		{4FEE28C5-BC80-4452-AD04-2ADF75F4FBB3} = {7C557156-6704-4BBE-B02C-1F6F628CF049}
	EndGlobalSection
	GlobalSection(ExtensibilityGlobals) = postSolution
		SolutionGuid = {81522158-4BA5-44C9-9CB0-2C1A6D8A0135}
	EndGlobalSection
EndGlobal
